// !$*UTF8*$!
{
	archiveVersion = 1;
	classes = {
	};
	objectVersion = 46;
	objects = {

/* Begin PBXBuildFile section */
		800B26AE1CE85A5D00DB107D /* main.cpp in Sources */ = {isa = PBXBuildFile; fileRef = 800B26AD1CE85A5D00DB107D /* main.cpp */; };
		801286031CD8959C0071F4F4 /* main.cpp in Sources */ = {isa = PBXBuildFile; fileRef = 801286021CD8959C0071F4F4 /* main.cpp */; };
		802672F21CDC37F700048415 /* main.cpp in Sources */ = {isa = PBXBuildFile; fileRef = 802672F11CDC37F700048415 /* main.cpp */; };
		802672FE1CDC63AB00048415 /* main.cpp in Sources */ = {isa = PBXBuildFile; fileRef = 802672FD1CDC63AB00048415 /* main.cpp */; };
		8052C6311CF460CA0049197D /* libboost_date_time.dylib in Frameworks */ = {isa = PBXBuildFile; fileRef = 8052C6301CF460CA0049197D /* libboost_date_time.dylib */; };
		8052C6321CF460DE0049197D /* libboost_date_time.dylib in CopyFiles */ = {isa = PBXBuildFile; fileRef = 8052C6301CF460CA0049197D /* libboost_date_time.dylib */; };
		806ACD721D34D6870083CFC8 /* main.cpp in Sources */ = {isa = PBXBuildFile; fileRef = 806ACD711D34D6870083CFC8 /* main.cpp */; };
		806ACD7D1D34DE5E0083CFC8 /* main.cpp in Sources */ = {isa = PBXBuildFile; fileRef = 806ACD7C1D34DE5E0083CFC8 /* main.cpp */; };
		806ACD831D34DE840083CFC8 /* chapter2.cpp in Sources */ = {isa = PBXBuildFile; fileRef = 806ACD811D34DE840083CFC8 /* chapter2.cpp */; };
		80A9DC3B1CC4D0010088C8AF /* main.cpp in Sources */ = {isa = PBXBuildFile; fileRef = 80A9DC3A1CC4D0010088C8AF /* main.cpp */; };
		80A9DC491CC4D0620088C8AF /* main.cpp in Sources */ = {isa = PBXBuildFile; fileRef = 80A9DC481CC4D0620088C8AF /* main.cpp */; };
		80A9DC541CC4D1BB0088C8AF /* main.cpp in Sources */ = {isa = PBXBuildFile; fileRef = 80A9DC531CC4D1BB0088C8AF /* main.cpp */; };
		80A9DC5F1CC4E0400088C8AF /* main.cpp in Sources */ = {isa = PBXBuildFile; fileRef = 80A9DC5E1CC4E0400088C8AF /* main.cpp */; };
		80AECA661D48B49000FE7C9C /* libboost_log_setup.dylib in CopyFiles */ = {isa = PBXBuildFile; fileRef = 80AECA621D48B49000FE7C9C /* libboost_log_setup.dylib */; };
		80AECA671D48B49000FE7C9C /* libboost_log.dylib in CopyFiles */ = {isa = PBXBuildFile; fileRef = 80AECA631D48B49000FE7C9C /* libboost_log.dylib */; };
		80AECA681D48B49000FE7C9C /* libboost_system.dylib in CopyFiles */ = {isa = PBXBuildFile; fileRef = 80AECA641D48B49000FE7C9C /* libboost_system.dylib */; };
		80AECA691D48B49000FE7C9C /* libboost_thread.dylib in CopyFiles */ = {isa = PBXBuildFile; fileRef = 80AECA651D48B49000FE7C9C /* libboost_thread.dylib */; };
		80AECA6B1D48B68F00FE7C9C /* libboost_regex.dylib in CopyFiles */ = {isa = PBXBuildFile; fileRef = 80AECA6A1D48B68F00FE7C9C /* libboost_regex.dylib */; };
		80AECA6D1D48B6BE00FE7C9C /* libboost_filesystem.dylib in CopyFiles */ = {isa = PBXBuildFile; fileRef = 80AECA6C1D48B6BE00FE7C9C /* libboost_filesystem.dylib */; };
		80AECA6F1D48B6E100FE7C9C /* libboost_chrono.dylib in CopyFiles */ = {isa = PBXBuildFile; fileRef = 80AECA6E1D48B6E100FE7C9C /* libboost_chrono.dylib */; };
		80AECA711D48B6FD00FE7C9C /* libboost_atomic.dylib in CopyFiles */ = {isa = PBXBuildFile; fileRef = 80AECA701D48B6FD00FE7C9C /* libboost_atomic.dylib */; };
/* End PBXBuildFile section */

/* Begin PBXCopyFilesBuildPhase section */
		800B26A91CE85A5D00DB107D /* CopyFiles */ = {
			isa = PBXCopyFilesBuildPhase;
			buildActionMask = 12;
			dstPath = "";
			dstSubfolderSpec = 16;
			files = (
				80AECA711D48B6FD00FE7C9C /* libboost_atomic.dylib in CopyFiles */,
				80AECA6F1D48B6E100FE7C9C /* libboost_chrono.dylib in CopyFiles */,
				80AECA6D1D48B6BE00FE7C9C /* libboost_filesystem.dylib in CopyFiles */,
				80AECA6B1D48B68F00FE7C9C /* libboost_regex.dylib in CopyFiles */,
				80AECA661D48B49000FE7C9C /* libboost_log_setup.dylib in CopyFiles */,
				80AECA671D48B49000FE7C9C /* libboost_log.dylib in CopyFiles */,
				80AECA681D48B49000FE7C9C /* libboost_system.dylib in CopyFiles */,
				80AECA691D48B49000FE7C9C /* libboost_thread.dylib in CopyFiles */,
				8052C6321CF460DE0049197D /* libboost_date_time.dylib in CopyFiles */,
			);
			runOnlyForDeploymentPostprocessing = 0;
		};
		801285FE1CD8959C0071F4F4 /* CopyFiles */ = {
			isa = PBXCopyFilesBuildPhase;
			buildActionMask = 2147483647;
			dstPath = /usr/share/man/man1/;
			dstSubfolderSpec = 0;
			files = (
			);
			runOnlyForDeploymentPostprocessing = 1;
		};
		802672ED1CDC37F700048415 /* CopyFiles */ = {
			isa = PBXCopyFilesBuildPhase;
			buildActionMask = 2147483647;
			dstPath = /usr/share/man/man1/;
			dstSubfolderSpec = 0;
			files = (
			);
			runOnlyForDeploymentPostprocessing = 1;
		};
		802672F91CDC63AB00048415 /* CopyFiles */ = {
			isa = PBXCopyFilesBuildPhase;
			buildActionMask = 2147483647;
			dstPath = /usr/share/man/man1/;
			dstSubfolderSpec = 0;
			files = (
			);
			runOnlyForDeploymentPostprocessing = 1;
		};
		806ACD6D1D34D6870083CFC8 /* CopyFiles */ = {
			isa = PBXCopyFilesBuildPhase;
			buildActionMask = 2147483647;
			dstPath = /usr/share/man/man1/;
			dstSubfolderSpec = 0;
			files = (
			);
			runOnlyForDeploymentPostprocessing = 1;
		};
		806ACD781D34DE5E0083CFC8 /* CopyFiles */ = {
			isa = PBXCopyFilesBuildPhase;
			buildActionMask = 2147483647;
			dstPath = /usr/share/man/man1/;
			dstSubfolderSpec = 0;
			files = (
			);
			runOnlyForDeploymentPostprocessing = 1;
		};
		80A9DC351CC4D0010088C8AF /* CopyFiles */ = {
			isa = PBXCopyFilesBuildPhase;
			buildActionMask = 2147483647;
			dstPath = /usr/share/man/man1/;
			dstSubfolderSpec = 0;
			files = (
			);
			runOnlyForDeploymentPostprocessing = 1;
		};
		80A9DC441CC4D0620088C8AF /* CopyFiles */ = {
			isa = PBXCopyFilesBuildPhase;
			buildActionMask = 2147483647;
			dstPath = /usr/share/man/man1/;
			dstSubfolderSpec = 0;
			files = (
			);
			runOnlyForDeploymentPostprocessing = 1;
		};
		80A9DC4F1CC4D1BB0088C8AF /* CopyFiles */ = {
			isa = PBXCopyFilesBuildPhase;
			buildActionMask = 2147483647;
			dstPath = /usr/share/man/man1/;
			dstSubfolderSpec = 0;
			files = (
			);
			runOnlyForDeploymentPostprocessing = 1;
		};
		80A9DC5A1CC4E0400088C8AF /* CopyFiles */ = {
			isa = PBXCopyFilesBuildPhase;
			buildActionMask = 2147483647;
			dstPath = /usr/share/man/man1/;
			dstSubfolderSpec = 0;
			files = (
			);
			runOnlyForDeploymentPostprocessing = 1;
		};
/* End PBXCopyFilesBuildPhase section */

/* Begin PBXFileReference section */
		800B26AB1CE85A5D00DB107D /* BoostDemo */ = {isa = PBXFileReference; explicitFileType = "compiled.mach-o.executable"; includeInIndex = 0; path = BoostDemo; sourceTree = BUILT_PRODUCTS_DIR; };
		800B26AD1CE85A5D00DB107D /* main.cpp */ = {isa = PBXFileReference; lastKnownFileType = sourcecode.cpp.cpp; path = main.cpp; sourceTree = "<group>"; };
		801286001CD8959C0071F4F4 /* ObjectCounter */ = {isa = PBXFileReference; explicitFileType = "compiled.mach-o.executable"; includeInIndex = 0; path = ObjectCounter; sourceTree = BUILT_PRODUCTS_DIR; };
		801286021CD8959C0071F4F4 /* main.cpp */ = {isa = PBXFileReference; lastKnownFileType = sourcecode.cpp.cpp; path = main.cpp; sourceTree = "<group>"; };
		801286071CD895CA0071F4F4 /* counter.h */ = {isa = PBXFileReference; fileEncoding = 4; lastKnownFileType = sourcecode.c.h; path = counter.h; sourceTree = "<group>"; };
		801286081CD9E3190071F4F4 /* functionTable.h */ = {isa = PBXFileReference; fileEncoding = 4; lastKnownFileType = sourcecode.c.h; path = functionTable.h; sourceTree = "<group>"; };
		802672EF1CDC37F700048415 /* CPPKeyWords */ = {isa = PBXFileReference; explicitFileType = "compiled.mach-o.executable"; includeInIndex = 0; path = CPPKeyWords; sourceTree = BUILT_PRODUCTS_DIR; };
		802672F11CDC37F700048415 /* main.cpp */ = {isa = PBXFileReference; lastKnownFileType = sourcecode.cpp.cpp; path = main.cpp; sourceTree = "<group>"; };
		802672F61CDC381C00048415 /* using.h */ = {isa = PBXFileReference; fileEncoding = 4; lastKnownFileType = sourcecode.c.h; path = using.h; sourceTree = "<group>"; };
		802672FB1CDC63AB00048415 /* Cpp11Feature */ = {isa = PBXFileReference; explicitFileType = "compiled.mach-o.executable"; includeInIndex = 0; path = Cpp11Feature; sourceTree = BUILT_PRODUCTS_DIR; };
		802672FD1CDC63AB00048415 /* main.cpp */ = {isa = PBXFileReference; lastKnownFileType = sourcecode.cpp.cpp; path = main.cpp; sourceTree = "<group>"; };
		802673021CDC63F700048415 /* constructor.h */ = {isa = PBXFileReference; fileEncoding = 4; lastKnownFileType = sourcecode.c.h; path = constructor.h; sourceTree = "<group>"; };
		802673031CDC71BA00048415 /* moveSemantics.h */ = {isa = PBXFileReference; fileEncoding = 4; lastKnownFileType = sourcecode.c.h; path = moveSemantics.h; sourceTree = "<group>"; };
		802ADFF31CDF7737008B8D4C /* literalOperator.h */ = {isa = PBXFileReference; fileEncoding = 4; lastKnownFileType = sourcecode.c.h; path = literalOperator.h; sourceTree = "<group>"; };
		8043AA541CE030CB009BE88B /* decltype.h */ = {isa = PBXFileReference; fileEncoding = 4; lastKnownFileType = sourcecode.c.h; path = decltype.h; sourceTree = "<group>"; };
		804CC3551CE71B66004EB921 /* locale.h */ = {isa = PBXFileReference; fileEncoding = 4; lastKnownFileType = sourcecode.c.h; path = locale.h; sourceTree = "<group>"; };
		8052C6301CF460CA0049197D /* libboost_date_time.dylib */ = {isa = PBXFileReference; lastKnownFileType = "compiled.mach-o.dylib"; path = libboost_date_time.dylib; sourceTree = "<group>"; };
		806ACD6F1D34D6870083CFC8 /* BinaryToHex */ = {isa = PBXFileReference; explicitFileType = "compiled.mach-o.executable"; includeInIndex = 0; path = BinaryToHex; sourceTree = BUILT_PRODUCTS_DIR; };
		806ACD711D34D6870083CFC8 /* main.cpp */ = {isa = PBXFileReference; lastKnownFileType = sourcecode.cpp.cpp; path = main.cpp; sourceTree = "<group>"; };
		806ACD7A1D34DE5E0083CFC8 /* MetaProgram */ = {isa = PBXFileReference; explicitFileType = "compiled.mach-o.executable"; includeInIndex = 0; path = MetaProgram; sourceTree = BUILT_PRODUCTS_DIR; };
		806ACD7C1D34DE5E0083CFC8 /* main.cpp */ = {isa = PBXFileReference; lastKnownFileType = sourcecode.cpp.cpp; path = main.cpp; sourceTree = "<group>"; };
		806ACD811D34DE840083CFC8 /* chapter2.cpp */ = {isa = PBXFileReference; fileEncoding = 4; lastKnownFileType = sourcecode.cpp.cpp; path = chapter2.cpp; sourceTree = "<group>"; };
		806ACD821D34DE840083CFC8 /* chapter2.h */ = {isa = PBXFileReference; fileEncoding = 4; lastKnownFileType = sourcecode.c.h; path = chapter2.h; sourceTree = "<group>"; };
		8074ECC81CE5BE7A006FA28C /* alignas.h */ = {isa = PBXFileReference; fileEncoding = 4; lastKnownFileType = sourcecode.c.h; path = alignas.h; sourceTree = "<group>"; };
		8074ECC91CE5C734006FA28C /* unicode.h */ = {isa = PBXFileReference; fileEncoding = 4; lastKnownFileType = sourcecode.c.h; path = unicode.h; sourceTree = "<group>"; };
		8089B0841CDD86D500DACF0C /* perfectForward.h */ = {isa = PBXFileReference; fileEncoding = 4; lastKnownFileType = sourcecode.c.h; path = perfectForward.h; sourceTree = "<group>"; };
		80A9DC371CC4D0010088C8AF /* CppDemos */ = {isa = PBXFileReference; explicitFileType = "compiled.mach-o.executable"; includeInIndex = 0; path = CppDemos; sourceTree = BUILT_PRODUCTS_DIR; };
		80A9DC3A1CC4D0010088C8AF /* main.cpp */ = {isa = PBXFileReference; lastKnownFileType = sourcecode.cpp.cpp; path = main.cpp; sourceTree = "<group>"; };
		80A9DC461CC4D0620088C8AF /* StaticAssert */ = {isa = PBXFileReference; explicitFileType = "compiled.mach-o.executable"; includeInIndex = 0; path = StaticAssert; sourceTree = BUILT_PRODUCTS_DIR; };
		80A9DC481CC4D0620088C8AF /* main.cpp */ = {isa = PBXFileReference; lastKnownFileType = sourcecode.cpp.cpp; path = main.cpp; sourceTree = "<group>"; };
		80A9DC511CC4D1BB0088C8AF /* BuilderDemo */ = {isa = PBXFileReference; explicitFileType = "compiled.mach-o.executable"; includeInIndex = 0; path = BuilderDemo; sourceTree = BUILT_PRODUCTS_DIR; };
		80A9DC531CC4D1BB0088C8AF /* main.cpp */ = {isa = PBXFileReference; lastKnownFileType = sourcecode.cpp.cpp; path = main.cpp; sourceTree = "<group>"; };
		80A9DC5C1CC4E0400088C8AF /* FunctionPointer */ = {isa = PBXFileReference; explicitFileType = "compiled.mach-o.executable"; includeInIndex = 0; path = FunctionPointer; sourceTree = BUILT_PRODUCTS_DIR; };
		80A9DC5E1CC4E0400088C8AF /* main.cpp */ = {isa = PBXFileReference; lastKnownFileType = sourcecode.cpp.cpp; path = main.cpp; sourceTree = "<group>"; };
		80AECA611D48B44700FE7C9C /* bLog.h */ = {isa = PBXFileReference; lastKnownFileType = sourcecode.c.h; path = bLog.h; sourceTree = "<group>"; };
		80AECA621D48B49000FE7C9C /* libboost_log_setup.dylib */ = {isa = PBXFileReference; lastKnownFileType = "compiled.mach-o.dylib"; path = libboost_log_setup.dylib; sourceTree = "<group>"; };
		80AECA631D48B49000FE7C9C /* libboost_log.dylib */ = {isa = PBXFileReference; lastKnownFileType = "compiled.mach-o.dylib"; path = libboost_log.dylib; sourceTree = "<group>"; };
		80AECA641D48B49000FE7C9C /* libboost_system.dylib */ = {isa = PBXFileReference; lastKnownFileType = "compiled.mach-o.dylib"; path = libboost_system.dylib; sourceTree = "<group>"; };
		80AECA651D48B49000FE7C9C /* libboost_thread.dylib */ = {isa = PBXFileReference; lastKnownFileType = "compiled.mach-o.dylib"; path = libboost_thread.dylib; sourceTree = "<group>"; };
		80AECA6A1D48B68F00FE7C9C /* libboost_regex.dylib */ = {isa = PBXFileReference; lastKnownFileType = "compiled.mach-o.dylib"; path = libboost_regex.dylib; sourceTree = "<group>"; };
		80AECA6C1D48B6BE00FE7C9C /* libboost_filesystem.dylib */ = {isa = PBXFileReference; lastKnownFileType = "compiled.mach-o.dylib"; path = libboost_filesystem.dylib; sourceTree = "<group>"; };
		80AECA6E1D48B6E100FE7C9C /* libboost_chrono.dylib */ = {isa = PBXFileReference; lastKnownFileType = "compiled.mach-o.dylib"; path = libboost_chrono.dylib; sourceTree = "<group>"; };
		80AECA701D48B6FD00FE7C9C /* libboost_atomic.dylib */ = {isa = PBXFileReference; lastKnownFileType = "compiled.mach-o.dylib"; path = libboost_atomic.dylib; sourceTree = "<group>"; };
		80D91A1F1CE35906001BF4D5 /* multiThread.h */ = {isa = PBXFileReference; fileEncoding = 4; lastKnownFileType = sourcecode.c.h; path = multiThread.h; sourceTree = "<group>"; };
		80E7A72E1CE4C6060028AA81 /* nullptr.h */ = {isa = PBXFileReference; fileEncoding = 4; lastKnownFileType = sourcecode.c.h; path = nullptr.h; sourceTree = "<group>"; };
		80E7A72F1CE4E5110028AA81 /* lamdba.h */ = {isa = PBXFileReference; fileEncoding = 4; lastKnownFileType = sourcecode.c.h; path = lamdba.h; sourceTree = "<group>"; };
		80F27FA51CE1BA7B00F85FD3 /* templateMeta.h */ = {isa = PBXFileReference; fileEncoding = 4; lastKnownFileType = sourcecode.c.h; path = templateMeta.h; sourceTree = "<group>"; };
		80F27FA61CE1BC6600F85FD3 /* constexpr.h */ = {isa = PBXFileReference; fileEncoding = 4; lastKnownFileType = sourcecode.c.h; path = constexpr.h; sourceTree = "<group>"; };
		80F2E87F1CE8C1AA005E0B1B /* bTimer.h */ = {isa = PBXFileReference; fileEncoding = 4; lastKnownFileType = sourcecode.c.h; path = bTimer.h; sourceTree = "<group>"; };
		80FC0D8A1CEAFF3A007D2DA2 /* bDate.h */ = {isa = PBXFileReference; fileEncoding = 4; lastKnownFileType = sourcecode.c.h; path = bDate.h; sourceTree = "<group>"; };
/* End PBXFileReference section */

/* Begin PBXFrameworksBuildPhase section */
		800B26A81CE85A5D00DB107D /* Frameworks */ = {
			isa = PBXFrameworksBuildPhase;
			buildActionMask = 2147483647;
			files = (
				8052C6311CF460CA0049197D /* libboost_date_time.dylib in Frameworks */,
			);
			runOnlyForDeploymentPostprocessing = 0;
		};
		801285FD1CD8959C0071F4F4 /* Frameworks */ = {
			isa = PBXFrameworksBuildPhase;
			buildActionMask = 2147483647;
			files = (
			);
			runOnlyForDeploymentPostprocessing = 0;
		};
		802672EC1CDC37F700048415 /* Frameworks */ = {
			isa = PBXFrameworksBuildPhase;
			buildActionMask = 2147483647;
			files = (
			);
			runOnlyForDeploymentPostprocessing = 0;
		};
		802672F81CDC63AB00048415 /* Frameworks */ = {
			isa = PBXFrameworksBuildPhase;
			buildActionMask = 2147483647;
			files = (
			);
			runOnlyForDeploymentPostprocessing = 0;
		};
		806ACD6C1D34D6870083CFC8 /* Frameworks */ = {
			isa = PBXFrameworksBuildPhase;
			buildActionMask = 2147483647;
			files = (
			);
			runOnlyForDeploymentPostprocessing = 0;
		};
		806ACD771D34DE5E0083CFC8 /* Frameworks */ = {
			isa = PBXFrameworksBuildPhase;
			buildActionMask = 2147483647;
			files = (
			);
			runOnlyForDeploymentPostprocessing = 0;
		};
		80A9DC341CC4D0010088C8AF /* Frameworks */ = {
			isa = PBXFrameworksBuildPhase;
			buildActionMask = 2147483647;
			files = (
			);
			runOnlyForDeploymentPostprocessing = 0;
		};
		80A9DC431CC4D0620088C8AF /* Frameworks */ = {
			isa = PBXFrameworksBuildPhase;
			buildActionMask = 2147483647;
			files = (
			);
			runOnlyForDeploymentPostprocessing = 0;
		};
		80A9DC4E1CC4D1BB0088C8AF /* Frameworks */ = {
			isa = PBXFrameworksBuildPhase;
			buildActionMask = 2147483647;
			files = (
			);
			runOnlyForDeploymentPostprocessing = 0;
		};
		80A9DC591CC4E0400088C8AF /* Frameworks */ = {
			isa = PBXFrameworksBuildPhase;
			buildActionMask = 2147483647;
			files = (
			);
			runOnlyForDeploymentPostprocessing = 0;
		};
/* End PBXFrameworksBuildPhase section */

/* Begin PBXGroup section */
		800B26AC1CE85A5D00DB107D /* BoostDemo */ = {
			isa = PBXGroup;
			children = (
				800B26AD1CE85A5D00DB107D /* main.cpp */,
				80F2E87F1CE8C1AA005E0B1B /* bTimer.h */,
				80FC0D8A1CEAFF3A007D2DA2 /* bDate.h */,
				80AECA611D48B44700FE7C9C /* bLog.h */,
			);
			path = BoostDemo;
			sourceTree = "<group>";
		};
		801286011CD8959C0071F4F4 /* ObjectCounter */ = {
			isa = PBXGroup;
			children = (
				801286021CD8959C0071F4F4 /* main.cpp */,
				801286071CD895CA0071F4F4 /* counter.h */,
			);
			path = ObjectCounter;
			sourceTree = "<group>";
		};
		802672F01CDC37F700048415 /* CPPKeyWords */ = {
			isa = PBXGroup;
			children = (
				802672F11CDC37F700048415 /* main.cpp */,
				802672F61CDC381C00048415 /* using.h */,
			);
			path = CPPKeyWords;
			sourceTree = "<group>";
		};
		802672FC1CDC63AB00048415 /* Cpp11Feature */ = {
			isa = PBXGroup;
			children = (
				802672FD1CDC63AB00048415 /* main.cpp */,
				802673021CDC63F700048415 /* constructor.h */,
				802673031CDC71BA00048415 /* moveSemantics.h */,
				8089B0841CDD86D500DACF0C /* perfectForward.h */,
				802ADFF31CDF7737008B8D4C /* literalOperator.h */,
				8043AA541CE030CB009BE88B /* decltype.h */,
				80F27FA51CE1BA7B00F85FD3 /* templateMeta.h */,
				80F27FA61CE1BC6600F85FD3 /* constexpr.h */,
				80D91A1F1CE35906001BF4D5 /* multiThread.h */,
				80E7A72E1CE4C6060028AA81 /* nullptr.h */,
				80E7A72F1CE4E5110028AA81 /* lamdba.h */,
				8074ECC81CE5BE7A006FA28C /* alignas.h */,
				8074ECC91CE5C734006FA28C /* unicode.h */,
				804CC3551CE71B66004EB921 /* locale.h */,
			);
			path = Cpp11Feature;
			sourceTree = "<group>";
		};
		806ACD701D34D6870083CFC8 /* BinaryToHex */ = {
			isa = PBXGroup;
			children = (
				806ACD711D34D6870083CFC8 /* main.cpp */,
			);
			path = BinaryToHex;
			sourceTree = "<group>";
		};
		806ACD7B1D34DE5E0083CFC8 /* MetaProgram */ = {
			isa = PBXGroup;
			children = (
				806ACD7C1D34DE5E0083CFC8 /* main.cpp */,
				806ACD811D34DE840083CFC8 /* chapter2.cpp */,
				806ACD821D34DE840083CFC8 /* chapter2.h */,
			);
			path = MetaProgram;
			sourceTree = "<group>";
		};
		80A9DC2E1CC4D0010088C8AF = {
			isa = PBXGroup;
			children = (
				80AECA701D48B6FD00FE7C9C /* libboost_atomic.dylib */,
				80AECA6E1D48B6E100FE7C9C /* libboost_chrono.dylib */,
				80AECA6C1D48B6BE00FE7C9C /* libboost_filesystem.dylib */,
				80AECA6A1D48B68F00FE7C9C /* libboost_regex.dylib */,
				80AECA621D48B49000FE7C9C /* libboost_log_setup.dylib */,
				80AECA631D48B49000FE7C9C /* libboost_log.dylib */,
				80AECA641D48B49000FE7C9C /* libboost_system.dylib */,
				80AECA651D48B49000FE7C9C /* libboost_thread.dylib */,
				8052C6301CF460CA0049197D /* libboost_date_time.dylib */,
				80A9DC391CC4D0010088C8AF /* CppDemos */,
				80A9DC471CC4D0620088C8AF /* StaticAssert */,
				80A9DC521CC4D1BB0088C8AF /* BuilderDemo */,
				80A9DC5D1CC4E0400088C8AF /* FunctionPointer */,
				801286011CD8959C0071F4F4 /* ObjectCounter */,
				802672F01CDC37F700048415 /* CPPKeyWords */,
				802672FC1CDC63AB00048415 /* Cpp11Feature */,
				800B26AC1CE85A5D00DB107D /* BoostDemo */,
				806ACD701D34D6870083CFC8 /* BinaryToHex */,
				806ACD7B1D34DE5E0083CFC8 /* MetaProgram */,
				80A9DC381CC4D0010088C8AF /* Products */,
			);
			sourceTree = "<group>";
		};
		80A9DC381CC4D0010088C8AF /* Products */ = {
			isa = PBXGroup;
			children = (
				80A9DC371CC4D0010088C8AF /* CppDemos */,
				80A9DC461CC4D0620088C8AF /* StaticAssert */,
				80A9DC511CC4D1BB0088C8AF /* BuilderDemo */,
				80A9DC5C1CC4E0400088C8AF /* FunctionPointer */,
				801286001CD8959C0071F4F4 /* ObjectCounter */,
				802672EF1CDC37F700048415 /* CPPKeyWords */,
				802672FB1CDC63AB00048415 /* Cpp11Feature */,
				800B26AB1CE85A5D00DB107D /* BoostDemo */,
				806ACD6F1D34D6870083CFC8 /* BinaryToHex */,
				806ACD7A1D34DE5E0083CFC8 /* MetaProgram */,
			);
			name = Products;
			sourceTree = "<group>";
		};
		80A9DC391CC4D0010088C8AF /* CppDemos */ = {
			isa = PBXGroup;
			children = (
				80A9DC3A1CC4D0010088C8AF /* main.cpp */,
			);
			path = CppDemos;
			sourceTree = "<group>";
		};
		80A9DC471CC4D0620088C8AF /* StaticAssert */ = {
			isa = PBXGroup;
			children = (
				80A9DC481CC4D0620088C8AF /* main.cpp */,
			);
			path = StaticAssert;
			sourceTree = "<group>";
		};
		80A9DC521CC4D1BB0088C8AF /* BuilderDemo */ = {
			isa = PBXGroup;
			children = (
				80A9DC531CC4D1BB0088C8AF /* main.cpp */,
			);
			path = BuilderDemo;
			sourceTree = "<group>";
		};
		80A9DC5D1CC4E0400088C8AF /* FunctionPointer */ = {
			isa = PBXGroup;
			children = (
				80A9DC5E1CC4E0400088C8AF /* main.cpp */,
				801286081CD9E3190071F4F4 /* functionTable.h */,
			);
			path = FunctionPointer;
			sourceTree = "<group>";
		};
/* End PBXGroup section */

/* Begin PBXNativeTarget section */
		800B26AA1CE85A5D00DB107D /* BoostDemo */ = {
			isa = PBXNativeTarget;
			buildConfigurationList = 800B26B11CE85A5D00DB107D /* Build configuration list for PBXNativeTarget "BoostDemo" */;
			buildPhases = (
				800B26A71CE85A5D00DB107D /* Sources */,
				800B26A81CE85A5D00DB107D /* Frameworks */,
				800B26A91CE85A5D00DB107D /* CopyFiles */,
			);
			buildRules = (
			);
			dependencies = (
			);
			name = BoostDemo;
			productName = BoostDemo;
			productReference = 800B26AB1CE85A5D00DB107D /* BoostDemo */;
			productType = "com.apple.product-type.tool";
		};
		801285FF1CD8959C0071F4F4 /* ObjectCounter */ = {
			isa = PBXNativeTarget;
			buildConfigurationList = 801286061CD8959C0071F4F4 /* Build configuration list for PBXNativeTarget "ObjectCounter" */;
			buildPhases = (
				801285FC1CD8959C0071F4F4 /* Sources */,
				801285FD1CD8959C0071F4F4 /* Frameworks */,
				801285FE1CD8959C0071F4F4 /* CopyFiles */,
			);
			buildRules = (
			);
			dependencies = (
			);
			name = ObjectCounter;
			productName = ObjectCounter;
			productReference = 801286001CD8959C0071F4F4 /* ObjectCounter */;
			productType = "com.apple.product-type.tool";
		};
		802672EE1CDC37F700048415 /* CPPKeyWords */ = {
			isa = PBXNativeTarget;
			buildConfigurationList = 802672F51CDC37F700048415 /* Build configuration list for PBXNativeTarget "CPPKeyWords" */;
			buildPhases = (
				802672EB1CDC37F700048415 /* Sources */,
				802672EC1CDC37F700048415 /* Frameworks */,
				802672ED1CDC37F700048415 /* CopyFiles */,
			);
			buildRules = (
			);
			dependencies = (
			);
			name = CPPKeyWords;
			productName = CPPKeyWords;
			productReference = 802672EF1CDC37F700048415 /* CPPKeyWords */;
			productType = "com.apple.product-type.tool";
		};
		802672FA1CDC63AB00048415 /* Cpp11Feature */ = {
			isa = PBXNativeTarget;
			buildConfigurationList = 802672FF1CDC63AB00048415 /* Build configuration list for PBXNativeTarget "Cpp11Feature" */;
			buildPhases = (
				802672F71CDC63AB00048415 /* Sources */,
				802672F81CDC63AB00048415 /* Frameworks */,
				802672F91CDC63AB00048415 /* CopyFiles */,
			);
			buildRules = (
			);
			dependencies = (
			);
			name = Cpp11Feature;
			productName = Cpp11Feature;
			productReference = 802672FB1CDC63AB00048415 /* Cpp11Feature */;
			productType = "com.apple.product-type.tool";
		};
		806ACD6E1D34D6870083CFC8 /* BinaryToHex */ = {
			isa = PBXNativeTarget;
			buildConfigurationList = 806ACD751D34D6870083CFC8 /* Build configuration list for PBXNativeTarget "BinaryToHex" */;
			buildPhases = (
				806ACD6B1D34D6870083CFC8 /* Sources */,
				806ACD6C1D34D6870083CFC8 /* Frameworks */,
				806ACD6D1D34D6870083CFC8 /* CopyFiles */,
			);
			buildRules = (
			);
			dependencies = (
			);
			name = BinaryToHex;
			productName = BinaryToHex;
			productReference = 806ACD6F1D34D6870083CFC8 /* BinaryToHex */;
			productType = "com.apple.product-type.tool";
		};
		806ACD791D34DE5E0083CFC8 /* MetaProgram */ = {
			isa = PBXNativeTarget;
			buildConfigurationList = 806ACD801D34DE5F0083CFC8 /* Build configuration list for PBXNativeTarget "MetaProgram" */;
			buildPhases = (
				806ACD761D34DE5E0083CFC8 /* Sources */,
				806ACD771D34DE5E0083CFC8 /* Frameworks */,
				806ACD781D34DE5E0083CFC8 /* CopyFiles */,
			);
			buildRules = (
			);
			dependencies = (
			);
			name = MetaProgram;
			productName = MetaProgram;
			productReference = 806ACD7A1D34DE5E0083CFC8 /* MetaProgram */;
			productType = "com.apple.product-type.tool";
		};
		80A9DC361CC4D0010088C8AF /* CppDemos */ = {
			isa = PBXNativeTarget;
			buildConfigurationList = 80A9DC3E1CC4D0010088C8AF /* Build configuration list for PBXNativeTarget "CppDemos" */;
			buildPhases = (
				80A9DC331CC4D0010088C8AF /* Sources */,
				80A9DC341CC4D0010088C8AF /* Frameworks */,
				80A9DC351CC4D0010088C8AF /* CopyFiles */,
			);
			buildRules = (
			);
			dependencies = (
			);
			name = CppDemos;
			productName = CppDemos;
			productReference = 80A9DC371CC4D0010088C8AF /* CppDemos */;
			productType = "com.apple.product-type.tool";
		};
		80A9DC451CC4D0620088C8AF /* StaticAssert */ = {
			isa = PBXNativeTarget;
			buildConfigurationList = 80A9DC4A1CC4D0620088C8AF /* Build configuration list for PBXNativeTarget "StaticAssert" */;
			buildPhases = (
				80A9DC421CC4D0620088C8AF /* Sources */,
				80A9DC431CC4D0620088C8AF /* Frameworks */,
				80A9DC441CC4D0620088C8AF /* CopyFiles */,
			);
			buildRules = (
			);
			dependencies = (
			);
			name = StaticAssert;
			productName = StaticAssert;
			productReference = 80A9DC461CC4D0620088C8AF /* StaticAssert */;
			productType = "com.apple.product-type.tool";
		};
		80A9DC501CC4D1BB0088C8AF /* BuilderDemo */ = {
			isa = PBXNativeTarget;
			buildConfigurationList = 80A9DC571CC4D1BB0088C8AF /* Build configuration list for PBXNativeTarget "BuilderDemo" */;
			buildPhases = (
				80A9DC4D1CC4D1BB0088C8AF /* Sources */,
				80A9DC4E1CC4D1BB0088C8AF /* Frameworks */,
				80A9DC4F1CC4D1BB0088C8AF /* CopyFiles */,
			);
			buildRules = (
			);
			dependencies = (
			);
			name = BuilderDemo;
			productName = BuilderDemo;
			productReference = 80A9DC511CC4D1BB0088C8AF /* BuilderDemo */;
			productType = "com.apple.product-type.tool";
		};
		80A9DC5B1CC4E0400088C8AF /* FunctionPointer */ = {
			isa = PBXNativeTarget;
			buildConfigurationList = 80A9DC601CC4E0400088C8AF /* Build configuration list for PBXNativeTarget "FunctionPointer" */;
			buildPhases = (
				80A9DC581CC4E0400088C8AF /* Sources */,
				80A9DC591CC4E0400088C8AF /* Frameworks */,
				80A9DC5A1CC4E0400088C8AF /* CopyFiles */,
			);
			buildRules = (
			);
			dependencies = (
			);
			name = FunctionPointer;
			productName = FunctionPointer;
			productReference = 80A9DC5C1CC4E0400088C8AF /* FunctionPointer */;
			productType = "com.apple.product-type.tool";
		};
/* End PBXNativeTarget section */

/* Begin PBXProject section */
		80A9DC2F1CC4D0010088C8AF /* Project object */ = {
			isa = PBXProject;
			attributes = {
				KnownAssetTags = (
					New,
				);
				LastUpgradeCheck = 0730;
				ORGANIZATIONNAME = "Vector Li";
				TargetAttributes = {
					800B26AA1CE85A5D00DB107D = {
						CreatedOnToolsVersion = 7.3.1;
					};
					801285FF1CD8959C0071F4F4 = {
						CreatedOnToolsVersion = 7.3;
					};
					802672EE1CDC37F700048415 = {
						CreatedOnToolsVersion = 7.3;
					};
					802672FA1CDC63AB00048415 = {
						CreatedOnToolsVersion = 7.3;
					};
					806ACD6E1D34D6870083CFC8 = {
						CreatedOnToolsVersion = 7.3.1;
					};
					806ACD791D34DE5E0083CFC8 = {
						CreatedOnToolsVersion = 7.3.1;
					};
					80A9DC361CC4D0010088C8AF = {
						CreatedOnToolsVersion = 7.3;
					};
					80A9DC451CC4D0620088C8AF = {
						CreatedOnToolsVersion = 7.3;
					};
					80A9DC501CC4D1BB0088C8AF = {
						CreatedOnToolsVersion = 7.3;
					};
					80A9DC5B1CC4E0400088C8AF = {
						CreatedOnToolsVersion = 7.3;
					};
				};
			};
			buildConfigurationList = 80A9DC321CC4D0010088C8AF /* Build configuration list for PBXProject "CppDemos" */;
			compatibilityVersion = "Xcode 3.2";
			developmentRegion = English;
			hasScannedForEncodings = 0;
			knownRegions = (
				en,
			);
			mainGroup = 80A9DC2E1CC4D0010088C8AF;
			productRefGroup = 80A9DC381CC4D0010088C8AF /* Products */;
			projectDirPath = "";
			projectRoot = "";
			targets = (
				80A9DC361CC4D0010088C8AF /* CppDemos */,
				80A9DC451CC4D0620088C8AF /* StaticAssert */,
				80A9DC501CC4D1BB0088C8AF /* BuilderDemo */,
				80A9DC5B1CC4E0400088C8AF /* FunctionPointer */,
				801285FF1CD8959C0071F4F4 /* ObjectCounter */,
				802672EE1CDC37F700048415 /* CPPKeyWords */,
				802672FA1CDC63AB00048415 /* Cpp11Feature */,
				800B26AA1CE85A5D00DB107D /* BoostDemo */,
				806ACD6E1D34D6870083CFC8 /* BinaryToHex */,
				806ACD791D34DE5E0083CFC8 /* MetaProgram */,
			);
		};
/* End PBXProject section */

/* Begin PBXSourcesBuildPhase section */
		800B26A71CE85A5D00DB107D /* Sources */ = {
			isa = PBXSourcesBuildPhase;
			buildActionMask = 2147483647;
			files = (
				800B26AE1CE85A5D00DB107D /* main.cpp in Sources */,
			);
			runOnlyForDeploymentPostprocessing = 0;
		};
		801285FC1CD8959C0071F4F4 /* Sources */ = {
			isa = PBXSourcesBuildPhase;
			buildActionMask = 2147483647;
			files = (
				801286031CD8959C0071F4F4 /* main.cpp in Sources */,
			);
			runOnlyForDeploymentPostprocessing = 0;
		};
		802672EB1CDC37F700048415 /* Sources */ = {
			isa = PBXSourcesBuildPhase;
			buildActionMask = 2147483647;
			files = (
				802672F21CDC37F700048415 /* main.cpp in Sources */,
			);
			runOnlyForDeploymentPostprocessing = 0;
		};
		802672F71CDC63AB00048415 /* Sources */ = {
			isa = PBXSourcesBuildPhase;
			buildActionMask = 2147483647;
			files = (
				802672FE1CDC63AB00048415 /* main.cpp in Sources */,
			);
			runOnlyForDeploymentPostprocessing = 0;
		};
		806ACD6B1D34D6870083CFC8 /* Sources */ = {
			isa = PBXSourcesBuildPhase;
			buildActionMask = 2147483647;
			files = (
				806ACD721D34D6870083CFC8 /* main.cpp in Sources */,
			);
			runOnlyForDeploymentPostprocessing = 0;
		};
		806ACD761D34DE5E0083CFC8 /* Sources */ = {
			isa = PBXSourcesBuildPhase;
			buildActionMask = 2147483647;
			files = (
				806ACD831D34DE840083CFC8 /* chapter2.cpp in Sources */,
				806ACD7D1D34DE5E0083CFC8 /* main.cpp in Sources */,
			);
			runOnlyForDeploymentPostprocessing = 0;
		};
		80A9DC331CC4D0010088C8AF /* Sources */ = {
			isa = PBXSourcesBuildPhase;
			buildActionMask = 2147483647;
			files = (
				80A9DC3B1CC4D0010088C8AF /* main.cpp in Sources */,
			);
			runOnlyForDeploymentPostprocessing = 0;
		};
		80A9DC421CC4D0620088C8AF /* Sources */ = {
			isa = PBXSourcesBuildPhase;
			buildActionMask = 2147483647;
			files = (
				80A9DC491CC4D0620088C8AF /* main.cpp in Sources */,
			);
			runOnlyForDeploymentPostprocessing = 0;
		};
		80A9DC4D1CC4D1BB0088C8AF /* Sources */ = {
			isa = PBXSourcesBuildPhase;
			buildActionMask = 2147483647;
			files = (
				80A9DC541CC4D1BB0088C8AF /* main.cpp in Sources */,
			);
			runOnlyForDeploymentPostprocessing = 0;
		};
		80A9DC581CC4E0400088C8AF /* Sources */ = {
			isa = PBXSourcesBuildPhase;
			buildActionMask = 2147483647;
			files = (
				80A9DC5F1CC4E0400088C8AF /* main.cpp in Sources */,
			);
			runOnlyForDeploymentPostprocessing = 0;
		};
/* End PBXSourcesBuildPhase section */

/* Begin XCBuildConfiguration section */
		800B26AF1CE85A5D00DB107D /* Debug */ = {
			isa = XCBuildConfiguration;
			buildSettings = {
				ALWAYS_SEARCH_USER_PATHS = NO;
				FRAMEWORK_SEARCH_PATHS = /usr/local/boost/lib;
				HEADER_SEARCH_PATHS = /usr/local/boost/include;
				LIBRARY_SEARCH_PATHS = (
					/usr/local/boost/lib,
					"$(PROJECT_DIR)",
				);
				MACOSX_DEPLOYMENT_TARGET = 10.11;
				OTHER_LDFLAGS = (
					/usr/local/boost/lib/libboost_date_time.dylib,
					/usr/local/boost/lib/libboost_regex.dylib,
					/usr/local/boost/lib/libboost_log_setup.dylib,
					/usr/local/boost/lib/libboost_log.dylib,
					/usr/local/boost/lib/libboost_system.dylib,
					/usr/local/boost/lib/libboost_thread.dylib,
				);
				PRODUCT_NAME = "$(TARGET_NAME)";
			};
			name = Debug;
		};
		800B26B01CE85A5D00DB107D /* Release */ = {
			isa = XCBuildConfiguration;
			buildSettings = {
				ALWAYS_SEARCH_USER_PATHS = NO;
				FRAMEWORK_SEARCH_PATHS = /usr/local/boost/lib;
				HEADER_SEARCH_PATHS = /usr/local/boost/include;
				LIBRARY_SEARCH_PATHS = (
					/usr/local/boost/lib,
					"$(PROJECT_DIR)",
				);
				MACOSX_DEPLOYMENT_TARGET = 10.11;
				OTHER_LDFLAGS = (
					/usr/local/boost/lib/libboost_date_time.dylib,
					/usr/local/boost/lib/libboost_regex.dylib,
					/usr/local/boost/lib/libboost_log_setup.dylib,
					/usr/local/boost/lib/libboost_log.dylib,
					/usr/local/boost/lib/libboost_system.dylib,
					/usr/local/boost/lib/libboost_thread.dylib,
				);
				PRODUCT_NAME = "$(TARGET_NAME)";
			};
			name = Release;
		};
		801286041CD8959C0071F4F4 /* Debug */ = {
			isa = XCBuildConfiguration;
			buildSettings = {
				PRODUCT_NAME = "$(TARGET_NAME)";
			};
			name = Debug;
		};
		801286051CD8959C0071F4F4 /* Release */ = {
			isa = XCBuildConfiguration;
			buildSettings = {
				PRODUCT_NAME = "$(TARGET_NAME)";
			};
			name = Release;
		};
		802672F31CDC37F700048415 /* Debug */ = {
			isa = XCBuildConfiguration;
			buildSettings = {
				PRODUCT_NAME = "$(TARGET_NAME)";
			};
			name = Debug;
		};
		802672F41CDC37F700048415 /* Release */ = {
			isa = XCBuildConfiguration;
			buildSettings = {
				PRODUCT_NAME = "$(TARGET_NAME)";
			};
			name = Release;
		};
		802673001CDC63AB00048415 /* Debug */ = {
			isa = XCBuildConfiguration;
			buildSettings = {
				HEADER_SEARCH_PATHS = /usr/local/boost/include/;
				LIBRARY_SEARCH_PATHS = /usr/local/boost/lib;
				PRODUCT_NAME = "$(TARGET_NAME)";
			};
			name = Debug;
		};
		802673011CDC63AB00048415 /* Release */ = {
			isa = XCBuildConfiguration;
			buildSettings = {
				HEADER_SEARCH_PATHS = /usr/local/boost/include/;
				LIBRARY_SEARCH_PATHS = /usr/local/boost/lib;
				PRODUCT_NAME = "$(TARGET_NAME)";
			};
			name = Release;
		};
		806ACD731D34D6870083CFC8 /* Debug */ = {
			isa = XCBuildConfiguration;
			buildSettings = {
				PRODUCT_NAME = "$(TARGET_NAME)";
			};
			name = Debug;
		};
		806ACD741D34D6870083CFC8 /* Release */ = {
			isa = XCBuildConfiguration;
			buildSettings = {
				PRODUCT_NAME = "$(TARGET_NAME)";
			};
			name = Release;
		};
		806ACD7E1D34DE5E0083CFC8 /* Debug */ = {
			isa = XCBuildConfiguration;
			buildSettings = {
				PRODUCT_NAME = "$(TARGET_NAME)";
			};
			name = Debug;
		};
		806ACD7F1D34DE5E0083CFC8 /* Release */ = {
			isa = XCBuildConfiguration;
			buildSettings = {
				PRODUCT_NAME = "$(TARGET_NAME)";
			};
			name = Release;
		};
		80A9DC3C1CC4D0010088C8AF /* Debug */ = {
			isa = XCBuildConfiguration;
			buildSettings = {
				ALWAYS_SEARCH_USER_PATHS = NO;
				CLANG_ANALYZER_NONNULL = YES;
				CLANG_CXX_LANGUAGE_STANDARD = "gnu++0x";
				CLANG_CXX_LIBRARY = "libc++";
				CLANG_ENABLE_MODULES = YES;
				CLANG_ENABLE_OBJC_ARC = YES;
				CLANG_WARN_BOOL_CONVERSION = YES;
				CLANG_WARN_CONSTANT_CONVERSION = YES;
				CLANG_WARN_DIRECT_OBJC_ISA_USAGE = YES_ERROR;
				CLANG_WARN_EMPTY_BODY = YES;
				CLANG_WARN_ENUM_CONVERSION = YES;
				CLANG_WARN_INT_CONVERSION = YES;
				CLANG_WARN_OBJC_ROOT_CLASS = YES_ERROR;
				CLANG_WARN_UNREACHABLE_CODE = YES;
				CLANG_WARN__DUPLICATE_METHOD_MATCH = YES;
				CODE_SIGN_IDENTITY = "-";
				COPY_PHASE_STRIP = NO;
				DEBUG_INFORMATION_FORMAT = dwarf;
				ENABLE_STRICT_OBJC_MSGSEND = YES;
				ENABLE_TESTABILITY = YES;
				GCC_C_LANGUAGE_STANDARD = gnu99;
				GCC_DYNAMIC_NO_PIC = NO;
				GCC_NO_COMMON_BLOCKS = YES;
				GCC_OPTIMIZATION_LEVEL = 0;
				GCC_PREPROCESSOR_DEFINITIONS = (
					"DEBUG=1",
					"$(inherited)",
				);
				GCC_WARN_64_TO_32_BIT_CONVERSION = YES;
				GCC_WARN_ABOUT_RETURN_TYPE = YES_ERROR;
				GCC_WARN_UNDECLARED_SELECTOR = YES;
				GCC_WARN_UNINITIALIZED_AUTOS = YES_AGGRESSIVE;
				GCC_WARN_UNUSED_FUNCTION = YES;
				GCC_WARN_UNUSED_VARIABLE = YES;
				MACOSX_DEPLOYMENT_TARGET = 10.11;
				MTL_ENABLE_DEBUG_INFO = YES;
				ONLY_ACTIVE_ARCH = YES;
				SDKROOT = macosx;
			};
			name = Debug;
		};
		80A9DC3D1CC4D0010088C8AF /* Release */ = {
			isa = XCBuildConfiguration;
			buildSettings = {
				ALWAYS_SEARCH_USER_PATHS = NO;
				CLANG_ANALYZER_NONNULL = YES;
				CLANG_CXX_LANGUAGE_STANDARD = "gnu++0x";
				CLANG_CXX_LIBRARY = "libc++";
				CLANG_ENABLE_MODULES = YES;
				CLANG_ENABLE_OBJC_ARC = YES;
				CLANG_WARN_BOOL_CONVERSION = YES;
				CLANG_WARN_CONSTANT_CONVERSION = YES;
				CLANG_WARN_DIRECT_OBJC_ISA_USAGE = YES_ERROR;
				CLANG_WARN_EMPTY_BODY = YES;
				CLANG_WARN_ENUM_CONVERSION = YES;
				CLANG_WARN_INT_CONVERSION = YES;
				CLANG_WARN_OBJC_ROOT_CLASS = YES_ERROR;
				CLANG_WARN_UNREACHABLE_CODE = YES;
				CLANG_WARN__DUPLICATE_METHOD_MATCH = YES;
				CODE_SIGN_IDENTITY = "-";
				COPY_PHASE_STRIP = NO;
				DEBUG_INFORMATION_FORMAT = "dwarf-with-dsym";
				ENABLE_NS_ASSERTIONS = NO;
				ENABLE_STRICT_OBJC_MSGSEND = YES;
				GCC_C_LANGUAGE_STANDARD = gnu99;
				GCC_NO_COMMON_BLOCKS = YES;
				GCC_WARN_64_TO_32_BIT_CONVERSION = YES;
				GCC_WARN_ABOUT_RETURN_TYPE = YES_ERROR;
				GCC_WARN_UNDECLARED_SELECTOR = YES;
				GCC_WARN_UNINITIALIZED_AUTOS = YES_AGGRESSIVE;
				GCC_WARN_UNUSED_FUNCTION = YES;
				GCC_WARN_UNUSED_VARIABLE = YES;
				MACOSX_DEPLOYMENT_TARGET = 10.11;
				MTL_ENABLE_DEBUG_INFO = NO;
				SDKROOT = macosx;
			};
			name = Release;
		};
		80A9DC3F1CC4D0010088C8AF /* Debug */ = {
			isa = XCBuildConfiguration;
			buildSettings = {
				LIBRARY_SEARCH_PATHS = (
					"$(inherited)",
					"$(PROJECT_DIR)",
				);
				PRODUCT_NAME = "$(TARGET_NAME)";
			};
			name = Debug;
		};
		80A9DC401CC4D0010088C8AF /* Release */ = {
			isa = XCBuildConfiguration;
			buildSettings = {
				LIBRARY_SEARCH_PATHS = (
					"$(inherited)",
					"$(PROJECT_DIR)",
				);
				PRODUCT_NAME = "$(TARGET_NAME)";
			};
			name = Release;
		};
		80A9DC4B1CC4D0620088C8AF /* Debug */ = {
			isa = XCBuildConfiguration;
			buildSettings = {
				PRODUCT_NAME = "$(TARGET_NAME)";
			};
			name = Debug;
		};
		80A9DC4C1CC4D0620088C8AF /* Release */ = {
			isa = XCBuildConfiguration;
			buildSettings = {
				PRODUCT_NAME = "$(TARGET_NAME)";
			};
			name = Release;
		};
		80A9DC551CC4D1BB0088C8AF /* Debug */ = {
			isa = XCBuildConfiguration;
			buildSettings = {
				PRODUCT_NAME = "$(TARGET_NAME)";
			};
			name = Debug;
		};
		80A9DC561CC4D1BB0088C8AF /* Release */ = {
			isa = XCBuildConfiguration;
			buildSettings = {
				PRODUCT_NAME = "$(TARGET_NAME)";
			};
			name = Release;
		};
		80A9DC611CC4E0400088C8AF /* Debug */ = {
			isa = XCBuildConfiguration;
			buildSettings = {
				PRODUCT_NAME = "$(TARGET_NAME)";
			};
			name = Debug;
		};
		80A9DC621CC4E0400088C8AF /* Release */ = {
			isa = XCBuildConfiguration;
			buildSettings = {
				PRODUCT_NAME = "$(TARGET_NAME)";
			};
			name = Release;
		};
/* End XCBuildConfiguration section */

/* Begin XCConfigurationList section */
		800B26B11CE85A5D00DB107D /* Build configuration list for PBXNativeTarget "BoostDemo" */ = {
			isa = XCConfigurationList;
			buildConfigurations = (
				800B26AF1CE85A5D00DB107D /* Debug */,
				800B26B01CE85A5D00DB107D /* Release */,
			);
			defaultConfigurationIsVisible = 0;
			defaultConfigurationName = Release;
		};
		801286061CD8959C0071F4F4 /* Build configuration list for PBXNativeTarget "ObjectCounter" */ = {
			isa = XCConfigurationList;
			buildConfigurations = (
				801286041CD8959C0071F4F4 /* Debug */,
				801286051CD8959C0071F4F4 /* Release */,
			);
			defaultConfigurationIsVisible = 0;
			defaultConfigurationName = Release;
		};
		802672F51CDC37F700048415 /* Build configuration list for PBXNativeTarget "CPPKeyWords" */ = {
			isa = XCConfigurationList;
			buildConfigurations = (
				802672F31CDC37F700048415 /* Debug */,
				802672F41CDC37F700048415 /* Release */,
			);
			defaultConfigurationIsVisible = 0;
			defaultConfigurationName = Release;
		};
		802672FF1CDC63AB00048415 /* Build configuration list for PBXNativeTarget "Cpp11Feature" */ = {
			isa = XCConfigurationList;
			buildConfigurations = (
				802673001CDC63AB00048415 /* Debug */,
				802673011CDC63AB00048415 /* Release */,
			);
			defaultConfigurationIsVisible = 0;
			defaultConfigurationName = Release;
		};
		806ACD751D34D6870083CFC8 /* Build configuration list for PBXNativeTarget "BinaryToHex" */ = {
			isa = XCConfigurationList;
			buildConfigurations = (
				806ACD731D34D6870083CFC8 /* Debug */,
				806ACD741D34D6870083CFC8 /* Release */,
			);
			defaultConfigurationIsVisible = 0;
			defaultConfigurationName = Release;
		};
		806ACD801D34DE5F0083CFC8 /* Build configuration list for PBXNativeTarget "MetaProgram" */ = {
			isa = XCConfigurationList;
			buildConfigurations = (
				806ACD7E1D34DE5E0083CFC8 /* Debug */,
				806ACD7F1D34DE5E0083CFC8 /* Release */,
			);
			defaultConfigurationIsVisible = 0;
			defaultConfigurationName = Release;
		};
		80A9DC321CC4D0010088C8AF /* Build configuration list for PBXProject "CppDemos" */ = {
			isa = XCConfigurationList;
			buildConfigurations = (
				80A9DC3C1CC4D0010088C8AF /* Debug */,
				80A9DC3D1CC4D0010088C8AF /* Release */,
			);
			defaultConfigurationIsVisible = 0;
			defaultConfigurationName = Release;
		};
		80A9DC3E1CC4D0010088C8AF /* Build configuration list for PBXNativeTarget "CppDemos" */ = {
			isa = XCConfigurationList;
			buildConfigurations = (
				80A9DC3F1CC4D0010088C8AF /* Debug */,
				80A9DC401CC4D0010088C8AF /* Release */,
			);
			defaultConfigurationIsVisible = 0;
			defaultConfigurationName = Release;
		};
		80A9DC4A1CC4D0620088C8AF /* Build configuration list for PBXNativeTarget "StaticAssert" */ = {
			isa = XCConfigurationList;
			buildConfigurations = (
				80A9DC4B1CC4D0620088C8AF /* Debug */,
				80A9DC4C1CC4D0620088C8AF /* Release */,
			);
			defaultConfigurationIsVisible = 0;
			defaultConfigurationName = Release;
		};
		80A9DC571CC4D1BB0088C8AF /* Build configuration list for PBXNativeTarget "BuilderDemo" */ = {
			isa = XCConfigurationList;
			buildConfigurations = (
				80A9DC551CC4D1BB0088C8AF /* Debug */,
				80A9DC561CC4D1BB0088C8AF /* Release */,
			);
			defaultConfigurationIsVisible = 0;
			defaultConfigurationName = Release;
		};
		80A9DC601CC4E0400088C8AF /* Build configuration list for PBXNativeTarget "FunctionPointer" */ = {
			isa = XCConfigurationList;
			buildConfigurations = (
				80A9DC611CC4E0400088C8AF /* Debug */,
				80A9DC621CC4E0400088C8AF /* Release */,
			);
			defaultConfigurationIsVisible = 0;
			defaultConfigurationName = Release;
		};
/* End XCConfigurationList section */
	};
	rootObject = 80A9DC2F1CC4D0010088C8AF /* Project object */;
}
