// !$*UTF8*$!
{
	archiveVersion = 1;
	classes = {
	};
	objectVersion = 46;
	objects = {

/* Begin PBXBuildFile section */
		801ECBDA2109AA1D0088F04B /* AppDelegate.m in Sources */ = {isa = PBXBuildFile; fileRef = 801ECBD92109AA1D0088F04B /* AppDelegate.m */; };
		801ECBDD2109AA1D0088F04B /* main.m in Sources */ = {isa = PBXBuildFile; fileRef = 801ECBDC2109AA1D0088F04B /* main.m */; };
		801ECBE02109AA1D0088F04B /* ViewController.m in Sources */ = {isa = PBXBuildFile; fileRef = 801ECBDF2109AA1D0088F04B /* ViewController.m */; };
		801ECBE22109AA1D0088F04B /* Assets.xcassets in Resources */ = {isa = PBXBuildFile; fileRef = 801ECBE12109AA1D0088F04B /* Assets.xcassets */; };
		801ECBE52109AA1D0088F04B /* Main.storyboard in Resources */ = {isa = PBXBuildFile; fileRef = 801ECBE32109AA1D0088F04B /* Main.storyboard */; };
		801ECBF02109AA1D0088F04B /* TestCocoaProjectTests.m in Sources */ = {isa = PBXBuildFile; fileRef = 801ECBEF2109AA1D0088F04B /* TestCocoaProjectTests.m */; };
		801ECBFB2109AA1D0088F04B /* TestCocoaProjectUITests.m in Sources */ = {isa = PBXBuildFile; fileRef = 801ECBFA2109AA1D0088F04B /* TestCocoaProjectUITests.m */; };
/* End PBXBuildFile section */

/* Begin PBXContainerItemProxy section */
		801ECBEC2109AA1D0088F04B /* PBXContainerItemProxy */ = {
			isa = PBXContainerItemProxy;
			containerPortal = 801ECBCD2109AA1D0088F04B /* Project object */;
			proxyType = 1;
			remoteGlobalIDString = 801ECBD42109AA1D0088F04B;
			remoteInfo = TestCocoaProject;
		};
		801ECBF72109AA1D0088F04B /* PBXContainerItemProxy */ = {
			isa = PBXContainerItemProxy;
			containerPortal = 801ECBCD2109AA1D0088F04B /* Project object */;
			proxyType = 1;
			remoteGlobalIDString = 801ECBD42109AA1D0088F04B;
			remoteInfo = TestCocoaProject;
		};
/* End PBXContainerItemProxy section */

/* Begin PBXFileReference section */
		801ECBD52109AA1D0088F04B /* TestCocoaProject.app */ = {isa = PBXFileReference; explicitFileType = wrapper.application; includeInIndex = 0; path = TestCocoaProject.app; sourceTree = BUILT_PRODUCTS_DIR; };
		801ECBD82109AA1D0088F04B /* AppDelegate.h */ = {isa = PBXFileReference; lastKnownFileType = sourcecode.c.h; path = AppDelegate.h; sourceTree = "<group>"; };
		801ECBD92109AA1D0088F04B /* AppDelegate.m */ = {isa = PBXFileReference; lastKnownFileType = sourcecode.c.objc; path = AppDelegate.m; sourceTree = "<group>"; };
		801ECBDC2109AA1D0088F04B /* main.m */ = {isa = PBXFileReference; lastKnownFileType = sourcecode.c.objc; path = main.m; sourceTree = "<group>"; };
		801ECBDE2109AA1D0088F04B /* ViewController.h */ = {isa = PBXFileReference; lastKnownFileType = sourcecode.c.h; path = ViewController.h; sourceTree = "<group>"; };
		801ECBDF2109AA1D0088F04B /* ViewController.m */ = {isa = PBXFileReference; lastKnownFileType = sourcecode.c.objc; path = ViewController.m; sourceTree = "<group>"; };
		801ECBE12109AA1D0088F04B /* Assets.xcassets */ = {isa = PBXFileReference; lastKnownFileType = folder.assetcatalog; path = Assets.xcassets; sourceTree = "<group>"; };
		801ECBE42109AA1D0088F04B /* Base */ = {isa = PBXFileReference; lastKnownFileType = file.storyboard; name = Base; path = Base.lproj/Main.storyboard; sourceTree = "<group>"; };
		801ECBE62109AA1D0088F04B /* Info.plist */ = {isa = PBXFileReference; lastKnownFileType = text.plist.xml; path = Info.plist; sourceTree = "<group>"; };
		801ECBEB2109AA1D0088F04B /* TestCocoaProjectTests.xctest */ = {isa = PBXFileReference; explicitFileType = wrapper.cfbundle; includeInIndex = 0; path = TestCocoaProjectTests.xctest; sourceTree = BUILT_PRODUCTS_DIR; };
		801ECBEF2109AA1D0088F04B /* TestCocoaProjectTests.m */ = {isa = PBXFileReference; lastKnownFileType = sourcecode.c.objc; path = TestCocoaProjectTests.m; sourceTree = "<group>"; };
		801ECBF12109AA1D0088F04B /* Info.plist */ = {isa = PBXFileReference; lastKnownFileType = text.plist.xml; path = Info.plist; sourceTree = "<group>"; };
		801ECBF62109AA1D0088F04B /* TestCocoaProjectUITests.xctest */ = {isa = PBXFileReference; explicitFileType = wrapper.cfbundle; includeInIndex = 0; path = TestCocoaProjectUITests.xctest; sourceTree = BUILT_PRODUCTS_DIR; };
		801ECBFA2109AA1D0088F04B /* TestCocoaProjectUITests.m */ = {isa = PBXFileReference; lastKnownFileType = sourcecode.c.objc; path = TestCocoaProjectUITests.m; sourceTree = "<group>"; };
		801ECBFC2109AA1D0088F04B /* Info.plist */ = {isa = PBXFileReference; lastKnownFileType = text.plist.xml; path = Info.plist; sourceTree = "<group>"; };
/* End PBXFileReference section */

/* Begin PBXFrameworksBuildPhase section */
		801ECBD22109AA1D0088F04B /* Frameworks */ = {
			isa = PBXFrameworksBuildPhase;
			buildActionMask = 2147483647;
			files = (
			);
			runOnlyForDeploymentPostprocessing = 0;
		};
		801ECBE82109AA1D0088F04B /* Frameworks */ = {
			isa = PBXFrameworksBuildPhase;
			buildActionMask = 2147483647;
			files = (
			);
			runOnlyForDeploymentPostprocessing = 0;
		};
		801ECBF32109AA1D0088F04B /* Frameworks */ = {
			isa = PBXFrameworksBuildPhase;
			buildActionMask = 2147483647;
			files = (
			);
			runOnlyForDeploymentPostprocessing = 0;
		};
/* End PBXFrameworksBuildPhase section */

/* Begin PBXGroup section */
		801ECBCC2109AA1D0088F04B = {
			isa = PBXGroup;
			children = (
				801ECBD72109AA1D0088F04B /* TestCocoaProject */,
				801ECBEE2109AA1D0088F04B /* TestCocoaProjectTests */,
				801ECBF92109AA1D0088F04B /* TestCocoaProjectUITests */,
				801ECBD62109AA1D0088F04B /* Products */,
			);
			sourceTree = "<group>";
		};
		801ECBD62109AA1D0088F04B /* Products */ = {
			isa = PBXGroup;
			children = (
				801ECBD52109AA1D0088F04B /* TestCocoaProject.app */,
				801ECBEB2109AA1D0088F04B /* TestCocoaProjectTests.xctest */,
				801ECBF62109AA1D0088F04B /* TestCocoaProjectUITests.xctest */,
			);
			name = Products;
			sourceTree = "<group>";
		};
		801ECBD72109AA1D0088F04B /* TestCocoaProject */ = {
			isa = PBXGroup;
			children = (
				801ECBD82109AA1D0088F04B /* AppDelegate.h */,
				801ECBD92109AA1D0088F04B /* AppDelegate.m */,
				801ECBDE2109AA1D0088F04B /* ViewController.h */,
				801ECBDF2109AA1D0088F04B /* ViewController.m */,
				801ECBE12109AA1D0088F04B /* Assets.xcassets */,
				801ECBE32109AA1D0088F04B /* Main.storyboard */,
				801ECBE62109AA1D0088F04B /* Info.plist */,
				801ECBDB2109AA1D0088F04B /* Supporting Files */,
			);
			path = TestCocoaProject;
			sourceTree = "<group>";
		};
		801ECBDB2109AA1D0088F04B /* Supporting Files */ = {
			isa = PBXGroup;
			children = (
				801ECBDC2109AA1D0088F04B /* main.m */,
			);
			name = "Supporting Files";
			sourceTree = "<group>";
		};
		801ECBEE2109AA1D0088F04B /* TestCocoaProjectTests */ = {
			isa = PBXGroup;
			children = (
				801ECBEF2109AA1D0088F04B /* TestCocoaProjectTests.m */,
				801ECBF12109AA1D0088F04B /* Info.plist */,
			);
			path = TestCocoaProjectTests;
			sourceTree = "<group>";
		};
		801ECBF92109AA1D0088F04B /* TestCocoaProjectUITests */ = {
			isa = PBXGroup;
			children = (
				801ECBFA2109AA1D0088F04B /* TestCocoaProjectUITests.m */,
				801ECBFC2109AA1D0088F04B /* Info.plist */,
			);
			path = TestCocoaProjectUITests;
			sourceTree = "<group>";
		};
/* End PBXGroup section */

/* Begin PBXNativeTarget section */
		801ECBD42109AA1D0088F04B /* TestCocoaProject */ = {
			isa = PBXNativeTarget;
			buildConfigurationList = 801ECBFF2109AA1D0088F04B /* Build configuration list for PBXNativeTarget "TestCocoaProject" */;
			buildPhases = (
				801ECBD12109AA1D0088F04B /* Sources */,
				801ECBD22109AA1D0088F04B /* Frameworks */,
				801ECBD32109AA1D0088F04B /* Resources */,
			);
			buildRules = (
			);
			dependencies = (
			);
			name = TestCocoaProject;
			productName = TestCocoaProject;
			productReference = 801ECBD52109AA1D0088F04B /* TestCocoaProject.app */;
			productType = "com.apple.product-type.application";
		};
		801ECBEA2109AA1D0088F04B /* TestCocoaProjectTests */ = {
			isa = PBXNativeTarget;
			buildConfigurationList = 801ECC022109AA1D0088F04B /* Build configuration list for PBXNativeTarget "TestCocoaProjectTests" */;
			buildPhases = (
				801ECBE72109AA1D0088F04B /* Sources */,
				801ECBE82109AA1D0088F04B /* Frameworks */,
				801ECBE92109AA1D0088F04B /* Resources */,
			);
			buildRules = (
			);
			dependencies = (
				801ECBED2109AA1D0088F04B /* PBXTargetDependency */,
			);
			name = TestCocoaProjectTests;
			productName = TestCocoaProjectTests;
			productReference = 801ECBEB2109AA1D0088F04B /* TestCocoaProjectTests.xctest */;
			productType = "com.apple.product-type.bundle.unit-test";
		};
		801ECBF52109AA1D0088F04B /* TestCocoaProjectUITests */ = {
			isa = PBXNativeTarget;
			buildConfigurationList = 801ECC052109AA1D0088F04B /* Build configuration list for PBXNativeTarget "TestCocoaProjectUITests" */;
			buildPhases = (
				801ECBF22109AA1D0088F04B /* Sources */,
				801ECBF32109AA1D0088F04B /* Frameworks */,
				801ECBF42109AA1D0088F04B /* Resources */,
			);
			buildRules = (
			);
			dependencies = (
				801ECBF82109AA1D0088F04B /* PBXTargetDependency */,
			);
			name = TestCocoaProjectUITests;
			productName = TestCocoaProjectUITests;
			productReference = 801ECBF62109AA1D0088F04B /* TestCocoaProjectUITests.xctest */;
			productType = "com.apple.product-type.bundle.ui-testing";
		};
/* End PBXNativeTarget section */

/* Begin PBXProject section */
		801ECBCD2109AA1D0088F04B /* Project object */ = {
			isa = PBXProject;
			attributes = {
				LastUpgradeCheck = 0730;
				ORGANIZATIONNAME = "Jax Li";
				TargetAttributes = {
					801ECBD42109AA1D0088F04B = {
						CreatedOnToolsVersion = 7.3.1;
					};
					801ECBEA2109AA1D0088F04B = {
						CreatedOnToolsVersion = 7.3.1;
						TestTargetID = 801ECBD42109AA1D0088F04B;
					};
					801ECBF52109AA1D0088F04B = {
						CreatedOnToolsVersion = 7.3.1;
						TestTargetID = 801ECBD42109AA1D0088F04B;
					};
				};
			};
			buildConfigurationList = 801ECBD02109AA1D0088F04B /* Build configuration list for PBXProject "TestCocoaProject" */;
			compatibilityVersion = "Xcode 3.2";
			developmentRegion = English;
			hasScannedForEncodings = 0;
			knownRegions = (
				en,
				Base,
			);
			mainGroup = 801ECBCC2109AA1D0088F04B;
			productRefGroup = 801ECBD62109AA1D0088F04B /* Products */;
			projectDirPath = "";
			projectRoot = "";
			targets = (
				801ECBD42109AA1D0088F04B /* TestCocoaProject */,
				801ECBEA2109AA1D0088F04B /* TestCocoaProjectTests */,
				801ECBF52109AA1D0088F04B /* TestCocoaProjectUITests */,
			);
		};
/* End PBXProject section */

/* Begin PBXResourcesBuildPhase section */
		801ECBD32109AA1D0088F04B /* Resources */ = {
			isa = PBXResourcesBuildPhase;
			buildActionMask = 2147483647;
			files = (
				801ECBE22109AA1D0088F04B /* Assets.xcassets in Resources */,
				801ECBE52109AA1D0088F04B /* Main.storyboard in Resources */,
			);
			runOnlyForDeploymentPostprocessing = 0;
		};
		801ECBE92109AA1D0088F04B /* Resources */ = {
			isa = PBXResourcesBuildPhase;
			buildActionMask = 2147483647;
			files = (
			);
			runOnlyForDeploymentPostprocessing = 0;
		};
		801ECBF42109AA1D0088F04B /* Resources */ = {
			isa = PBXResourcesBuildPhase;
			buildActionMask = 2147483647;
			files = (
			);
			runOnlyForDeploymentPostprocessing = 0;
		};
/* End PBXResourcesBuildPhase section */

/* Begin PBXSourcesBuildPhase section */
		801ECBD12109AA1D0088F04B /* Sources */ = {
			isa = PBXSourcesBuildPhase;
			buildActionMask = 2147483647;
			files = (
				801ECBE02109AA1D0088F04B /* ViewController.m in Sources */,
				801ECBDD2109AA1D0088F04B /* main.m in Sources */,
				801ECBDA2109AA1D0088F04B /* AppDelegate.m in Sources */,
			);
			runOnlyForDeploymentPostprocessing = 0;
		};
		801ECBE72109AA1D0088F04B /* Sources */ = {
			isa = PBXSourcesBuildPhase;
			buildActionMask = 2147483647;
			files = (
				801ECBF02109AA1D0088F04B /* TestCocoaProjectTests.m in Sources */,
			);
			runOnlyForDeploymentPostprocessing = 0;
		};
		801ECBF22109AA1D0088F04B /* Sources */ = {
			isa = PBXSourcesBuildPhase;
			buildActionMask = 2147483647;
			files = (
				801ECBFB2109AA1D0088F04B /* TestCocoaProjectUITests.m in Sources */,
			);
			runOnlyForDeploymentPostprocessing = 0;
		};
/* End PBXSourcesBuildPhase section */

/* Begin PBXTargetDependency section */
		801ECBED2109AA1D0088F04B /* PBXTargetDependency */ = {
			isa = PBXTargetDependency;
			target = 801ECBD42109AA1D0088F04B /* TestCocoaProject */;
			targetProxy = 801ECBEC2109AA1D0088F04B /* PBXContainerItemProxy */;
		};
		801ECBF82109AA1D0088F04B /* PBXTargetDependency */ = {
			isa = PBXTargetDependency;
			target = 801ECBD42109AA1D0088F04B /* TestCocoaProject */;
			targetProxy = 801ECBF72109AA1D0088F04B /* PBXContainerItemProxy */;
		};
/* End PBXTargetDependency section */

/* Begin PBXVariantGroup section */
		801ECBE32109AA1D0088F04B /* Main.storyboard */ = {
			isa = PBXVariantGroup;
			children = (
				801ECBE42109AA1D0088F04B /* Base */,
			);
			name = Main.storyboard;
			sourceTree = "<group>";
		};
/* End PBXVariantGroup section */

/* Begin XCBuildConfiguration section */
		801ECBFD2109AA1D0088F04B /* Debug */ = {
			isa = XCBuildConfiguration;
			buildSettings = {
				ALWAYS_SEARCH_USER_PATHS = NO;
				CLANG_ANALYZER_NONNULL = YES;
				CLANG_CXX_LANGUAGE_STANDARD = "gnu++0x";
				CLANG_CXX_LIBRARY = "libc++";
				CLANG_ENABLE_MODULES = YES;
				CLANG_ENABLE_OBJC_ARC = YES;
				CLANG_WARN_BOOL_CONVERSION = YES;
				CLANG_WARN_CONSTANT_CONVERSION = YES;
				CLANG_WARN_DIRECT_OBJC_ISA_USAGE = YES_ERROR;
				CLANG_WARN_EMPTY_BODY = YES;
				CLANG_WARN_ENUM_CONVERSION = YES;
				CLANG_WARN_INT_CONVERSION = YES;
				CLANG_WARN_OBJC_ROOT_CLASS = YES_ERROR;
				CLANG_WARN_UNREACHABLE_CODE = YES;
				CLANG_WARN__DUPLICATE_METHOD_MATCH = YES;
				CODE_SIGN_IDENTITY = "-";
				COPY_PHASE_STRIP = NO;
				DEBUG_INFORMATION_FORMAT = dwarf;
				ENABLE_STRICT_OBJC_MSGSEND = YES;
				ENABLE_TESTABILITY = YES;
				GCC_C_LANGUAGE_STANDARD = gnu99;
				GCC_DYNAMIC_NO_PIC = NO;
				GCC_NO_COMMON_BLOCKS = YES;
				GCC_OPTIMIZATION_LEVEL = 0;
				GCC_PREPROCESSOR_DEFINITIONS = (
					"DEBUG=1",
					"$(inherited)",
				);
				GCC_WARN_64_TO_32_BIT_CONVERSION = YES;
				GCC_WARN_ABOUT_RETURN_TYPE = YES_ERROR;
				GCC_WARN_UNDECLARED_SELECTOR = YES;
				GCC_WARN_UNINITIALIZED_AUTOS = YES_AGGRESSIVE;
				GCC_WARN_UNUSED_FUNCTION = YES;
				GCC_WARN_UNUSED_VARIABLE = YES;
				MACOSX_DEPLOYMENT_TARGET = 10.11;
				MTL_ENABLE_DEBUG_INFO = YES;
				ONLY_ACTIVE_ARCH = YES;
				SDKROOT = macosx;
			};
			name = Debug;
		};
		801ECBFE2109AA1D0088F04B /* Release */ = {
			isa = XCBuildConfiguration;
			buildSettings = {
				ALWAYS_SEARCH_USER_PATHS = NO;
				CLANG_ANALYZER_NONNULL = YES;
				CLANG_CXX_LANGUAGE_STANDARD = "gnu++0x";
				CLANG_CXX_LIBRARY = "libc++";
				CLANG_ENABLE_MODULES = YES;
				CLANG_ENABLE_OBJC_ARC = YES;
				CLANG_WARN_BOOL_CONVERSION = YES;
				CLANG_WARN_CONSTANT_CONVERSION = YES;
				CLANG_WARN_DIRECT_OBJC_ISA_USAGE = YES_ERROR;
				CLANG_WARN_EMPTY_BODY = YES;
				CLANG_WARN_ENUM_CONVERSION = YES;
				CLANG_WARN_INT_CONVERSION = YES;
				CLANG_WARN_OBJC_ROOT_CLASS = YES_ERROR;
				CLANG_WARN_UNREACHABLE_CODE = YES;
				CLANG_WARN__DUPLICATE_METHOD_MATCH = YES;
				CODE_SIGN_IDENTITY = "-";
				COPY_PHASE_STRIP = NO;
				DEBUG_INFORMATION_FORMAT = "dwarf-with-dsym";
				ENABLE_NS_ASSERTIONS = NO;
				ENABLE_STRICT_OBJC_MSGSEND = YES;
				GCC_C_LANGUAGE_STANDARD = gnu99;
				GCC_NO_COMMON_BLOCKS = YES;
				GCC_WARN_64_TO_32_BIT_CONVERSION = YES;
				GCC_WARN_ABOUT_RETURN_TYPE = YES_ERROR;
				GCC_WARN_UNDECLARED_SELECTOR = YES;
				GCC_WARN_UNINITIALIZED_AUTOS = YES_AGGRESSIVE;
				GCC_WARN_UNUSED_FUNCTION = YES;
				GCC_WARN_UNUSED_VARIABLE = YES;
				MACOSX_DEPLOYMENT_TARGET = 10.11;
				MTL_ENABLE_DEBUG_INFO = NO;
				SDKROOT = macosx;
			};
			name = Release;
		};
		801ECC002109AA1D0088F04B /* Debug */ = {
			isa = XCBuildConfiguration;
			buildSettings = {
				ASSETCATALOG_COMPILER_APPICON_NAME = AppIcon;
				COMBINE_HIDPI_IMAGES = YES;
				INFOPLIST_FILE = TestCocoaProject/Info.plist;
				LD_RUNPATH_SEARCH_PATHS = "$(inherited) @executable_path/../Frameworks";
				PRODUCT_BUNDLE_IDENTIFIER = Jax.Li.TestCocoaProject;
				PRODUCT_NAME = "$(TARGET_NAME)";
			};
			name = Debug;
		};
		801ECC012109AA1D0088F04B /* Release */ = {
			isa = XCBuildConfiguration;
			buildSettings = {
				ASSETCATALOG_COMPILER_APPICON_NAME = AppIcon;
				COMBINE_HIDPI_IMAGES = YES;
				INFOPLIST_FILE = TestCocoaProject/Info.plist;
				LD_RUNPATH_SEARCH_PATHS = "$(inherited) @executable_path/../Frameworks";
				PRODUCT_BUNDLE_IDENTIFIER = Jax.Li.TestCocoaProject;
				PRODUCT_NAME = "$(TARGET_NAME)";
			};
			name = Release;
		};
		801ECC032109AA1D0088F04B /* Debug */ = {
			isa = XCBuildConfiguration;
			buildSettings = {
				BUNDLE_LOADER = "$(TEST_HOST)";
				COMBINE_HIDPI_IMAGES = YES;
				INFOPLIST_FILE = TestCocoaProjectTests/Info.plist;
				LD_RUNPATH_SEARCH_PATHS = "$(inherited) @executable_path/../Frameworks @loader_path/../Frameworks";
				PRODUCT_BUNDLE_IDENTIFIER = Jax.Li.TestCocoaProjectTests;
				PRODUCT_NAME = "$(TARGET_NAME)";
				TEST_HOST = "$(BUILT_PRODUCTS_DIR)/TestCocoaProject.app/Contents/MacOS/TestCocoaProject";
			};
			name = Debug;
		};
		801ECC042109AA1D0088F04B /* Release */ = {
			isa = XCBuildConfiguration;
			buildSettings = {
				BUNDLE_LOADER = "$(TEST_HOST)";
				COMBINE_HIDPI_IMAGES = YES;
				INFOPLIST_FILE = TestCocoaProjectTests/Info.plist;
				LD_RUNPATH_SEARCH_PATHS = "$(inherited) @executable_path/../Frameworks @loader_path/../Frameworks";
				PRODUCT_BUNDLE_IDENTIFIER = Jax.Li.TestCocoaProjectTests;
				PRODUCT_NAME = "$(TARGET_NAME)";
				TEST_HOST = "$(BUILT_PRODUCTS_DIR)/TestCocoaProject.app/Contents/MacOS/TestCocoaProject";
			};
			name = Release;
		};
		801ECC062109AA1D0088F04B /* Debug */ = {
			isa = XCBuildConfiguration;
			buildSettings = {
				COMBINE_HIDPI_IMAGES = YES;
				INFOPLIST_FILE = TestCocoaProjectUITests/Info.plist;
				LD_RUNPATH_SEARCH_PATHS = "$(inherited) @executable_path/../Frameworks @loader_path/../Frameworks";
				PRODUCT_BUNDLE_IDENTIFIER = Jax.Li.TestCocoaProjectUITests;
				PRODUCT_NAME = "$(TARGET_NAME)";
				TEST_TARGET_NAME = TestCocoaProject;
			};
			name = Debug;
		};
		801ECC072109AA1D0088F04B /* Release */ = {
			isa = XCBuildConfiguration;
			buildSettings = {
				COMBINE_HIDPI_IMAGES = YES;
				INFOPLIST_FILE = TestCocoaProjectUITests/Info.plist;
				LD_RUNPATH_SEARCH_PATHS = "$(inherited) @executable_path/../Frameworks @loader_path/../Frameworks";
				PRODUCT_BUNDLE_IDENTIFIER = Jax.Li.TestCocoaProjectUITests;
				PRODUCT_NAME = "$(TARGET_NAME)";
				TEST_TARGET_NAME = TestCocoaProject;
			};
			name = Release;
		};
/* End XCBuildConfiguration section */

/* Begin XCConfigurationList section */
		801ECBD02109AA1D0088F04B /* Build configuration list for PBXProject "TestCocoaProject" */ = {
			isa = XCConfigurationList;
			buildConfigurations = (
				801ECBFD2109AA1D0088F04B /* Debug */,
				801ECBFE2109AA1D0088F04B /* Release */,
			);
			defaultConfigurationIsVisible = 0;
			defaultConfigurationName = Release;
		};
		801ECBFF2109AA1D0088F04B /* Build configuration list for PBXNativeTarget "TestCocoaProject" */ = {
			isa = XCConfigurationList;
			buildConfigurations = (
				801ECC002109AA1D0088F04B /* Debug */,
				801ECC012109AA1D0088F04B /* Release */,
			);
			defaultConfigurationIsVisible = 0;
		};
		801ECC022109AA1D0088F04B /* Build configuration list for PBXNativeTarget "TestCocoaProjectTests" */ = {
			isa = XCConfigurationList;
			buildConfigurations = (
				801ECC032109AA1D0088F04B /* Debug */,
				801ECC042109AA1D0088F04B /* Release */,
			);
			defaultConfigurationIsVisible = 0;
		};
		801ECC052109AA1D0088F04B /* Build configuration list for PBXNativeTarget "TestCocoaProjectUITests" */ = {
			isa = XCConfigurationList;
			buildConfigurations = (
				801ECC062109AA1D0088F04B /* Debug */,
				801ECC072109AA1D0088F04B /* Release */,
			);
			defaultConfigurationIsVisible = 0;
		};
/* End XCConfigurationList section */
	};
	rootObject = 801ECBCD2109AA1D0088F04B /* Project object */;
}
